
Microsoft Visual Studio Solution File, Format Version 12.00
# Visual Studio Version 17
VisualStudioVersion = 17.13.35828.75 d17.13
MinimumVisualStudioVersion = 10.0.40219.1
Project("{FAE04EC0-301F-11D3-BF4B-00C04F79EFBC}") = "Hestia_Maui", "Hestia_Maui.csproj", "{7001D358-CF8B-C14A-270F-93CCB42A7B6F}"
EndProject
Project("{FAE04EC0-301F-11D3-BF4B-00C04F79EFBC}") = "Hestia_Maui.Tests", "..\Hestia_Maui.Tests\Hestia_Maui.Tests.csproj", "{B8A46A90-3BDE-175B-2F5D-C988D24C9AE7}"
EndProject
Global
	GlobalSection(SolutionConfigurationPlatforms) = preSolution
		Debug|Any CPU = Debug|Any CPU
		Release|Any CPU = Release|Any CPU
	EndGlobalSection
	GlobalSection(ProjectConfigurationPlatforms) = postSolution
		{7001D358-CF8B-C14A-270F-93CCB42A7B6F}.Debug|Any CPU.ActiveCfg = Debug|Any CPU
		{7001D358-CF8B-C14A-270F-93CCB42A7B6F}.Debug|Any CPU.Build.0 = Debug|Any CPU
		{7001D358-CF8B-C14A-270F-93CCB42A7B6F}.Debug|Any CPU.Deploy.0 = Debug|Any CPU
		{7001D358-CF8B-C14A-270F-93CCB42A7B6F}.Release|Any CPU.ActiveCfg = Release|Any CPU
		{7001D358-CF8B-C14A-270F-93CCB42A7B6F}.Release|Any CPU.Build.0 = Release|Any CPU
		{7001D358-CF8B-C14A-270F-93CCB42A7B6F}.Release|Any CPU.Deploy.0 = Release|Any CPU
		{B8A46A90-3BDE-175B-2F5D-C988D24C9AE7}.Debug|Any CPU.ActiveCfg = Debug|Any CPU
		{B8A46A90-3BDE-175B-2F5D-C988D24C9AE7}.Debug|Any CPU.Build.0 = Debug|Any CPU
		{B8A46A90-3BDE-175B-2F5D-C988D24C9AE7}.Release|Any CPU.ActiveCfg = Release|Any CPU
		{B8A46A90-3BDE-175B-2F5D-C988D24C9AE7}.Release|Any CPU.Build.0 = Release|Any CPU
	EndGlobalSection
	GlobalSection(SolutionProperties) = preSolution
		HideSolutionNode = FALSE
	EndGlobalSection
	GlobalSection(ExtensibilityGlobals) = postSolution
		SolutionGuid = {BE3F9D4C-C1DC-4801-A165-A92C371984C8}
	EndGlobalSection
EndGlobal
